// !$*UTF8*$!
{
	archiveVersion = 1;
	classes = {
	};
	objectVersion = 46;
	objects = {

/* Begin PBXBuildFile section */
		C71D6D4719AE7EB400E6ABD8 /* Foundation.framework in Frameworks */ = {isa = PBXBuildFile; fileRef = C71D6D4619AE7EB400E6ABD8 /* Foundation.framework */; };
		C71D6D4919AE7EB400E6ABD8 /* CoreGraphics.framework in Frameworks */ = {isa = PBXBuildFile; fileRef = C71D6D4819AE7EB400E6ABD8 /* CoreGraphics.framework */; };
		C71D6D4B19AE7EB400E6ABD8 /* UIKit.framework in Frameworks */ = {isa = PBXBuildFile; fileRef = C71D6D4A19AE7EB400E6ABD8 /* UIKit.framework */; };
		C71D6D5119AE7EB400E6ABD8 /* InfoPlist.strings in Resources */ = {isa = PBXBuildFile; fileRef = C71D6D4F19AE7EB400E6ABD8 /* InfoPlist.strings */; };
		C71D6D5319AE7EB400E6ABD8 /* main.m in Sources */ = {isa = PBXBuildFile; fileRef = C71D6D5219AE7EB400E6ABD8 /* main.m */; };
		C71D6D5719AE7EB400E6ABD8 /* RTAppDelegate.m in Sources */ = {isa = PBXBuildFile; fileRef = C71D6D5619AE7EB400E6ABD8 /* RTAppDelegate.m */; };
		C71D6D5A19AE7EB400E6ABD8 /* Main.storyboard in Resources */ = {isa = PBXBuildFile; fileRef = C71D6D5819AE7EB400E6ABD8 /* Main.storyboard */; };
		C71D6D5D19AE7EB400E6ABD8 /* RTViewController.m in Sources */ = {isa = PBXBuildFile; fileRef = C71D6D5C19AE7EB400E6ABD8 /* RTViewController.m */; };
		C71D6D5F19AE7EB400E6ABD8 /* Images.xcassets in Resources */ = {isa = PBXBuildFile; fileRef = C71D6D5E19AE7EB400E6ABD8 /* Images.xcassets */; };
		C71D6D6619AE7EB400E6ABD8 /* XCTest.framework in Frameworks */ = {isa = PBXBuildFile; fileRef = C71D6D6519AE7EB400E6ABD8 /* XCTest.framework */; };
		C71D6D6719AE7EB400E6ABD8 /* Foundation.framework in Frameworks */ = {isa = PBXBuildFile; fileRef = C71D6D4619AE7EB400E6ABD8 /* Foundation.framework */; };
		C71D6D6819AE7EB400E6ABD8 /* UIKit.framework in Frameworks */ = {isa = PBXBuildFile; fileRef = C71D6D4A19AE7EB400E6ABD8 /* UIKit.framework */; };
		C71D6D7019AE7EB400E6ABD8 /* InfoPlist.strings in Resources */ = {isa = PBXBuildFile; fileRef = C71D6D6E19AE7EB400E6ABD8 /* InfoPlist.strings */; };
		C71D6D7219AE7EB400E6ABD8 /* Race_to_the_TopTests.m in Sources */ = {isa = PBXBuildFile; fileRef = C71D6D7119AE7EB400E6ABD8 /* Race_to_the_TopTests.m */; };
/* End PBXBuildFile section */

/* Begin PBXContainerItemProxy section */
		C71D6D6919AE7EB400E6ABD8 /* PBXContainerItemProxy */ = {
			isa = PBXContainerItemProxy;
			containerPortal = C71D6D3B19AE7EB400E6ABD8 /* Project object */;
			proxyType = 1;
			remoteGlobalIDString = C71D6D4219AE7EB400E6ABD8;
			remoteInfo = "Race to the Top";
		};
/* End PBXContainerItemProxy section */

/* Begin PBXFileReference section */
		C71D6D4319AE7EB400E6ABD8 /* Race to the Top.app */ = {isa = PBXFileReference; explicitFileType = wrapper.application; includeInIndex = 0; path = "Race to the Top.app"; sourceTree = BUILT_PRODUCTS_DIR; };
		C71D6D4619AE7EB400E6ABD8 /* Foundation.framework */ = {isa = PBXFileReference; lastKnownFileType = wrapper.framework; name = Foundation.framework; path = System/Library/Frameworks/Foundation.framework; sourceTree = SDKROOT; };
		C71D6D4819AE7EB400E6ABD8 /* CoreGraphics.framework */ = {isa = PBXFileReference; lastKnownFileType = wrapper.framework; name = CoreGraphics.framework; path = System/Library/Frameworks/CoreGraphics.framework; sourceTree = SDKROOT; };
		C71D6D4A19AE7EB400E6ABD8 /* UIKit.framework */ = {isa = PBXFileReference; lastKnownFileType = wrapper.framework; name = UIKit.framework; path = System/Library/Frameworks/UIKit.framework; sourceTree = SDKROOT; };
		C71D6D4E19AE7EB400E6ABD8 /* Race to the Top-Info.plist */ = {isa = PBXFileReference; lastKnownFileType = text.plist.xml; path = "Race to the Top-Info.plist"; sourceTree = "<group>"; };
		C71D6D5019AE7EB400E6ABD8 /* en */ = {isa = PBXFileReference; lastKnownFileType = text.plist.strings; name = en; path = en.lproj/InfoPlist.strings; sourceTree = "<group>"; };
		C71D6D5219AE7EB400E6ABD8 /* main.m */ = {isa = PBXFileReference; lastKnownFileType = sourcecode.c.objc; path = main.m; sourceTree = "<group>"; };
		C71D6D5419AE7EB400E6ABD8 /* Race to the Top-Prefix.pch */ = {isa = PBXFileReference; lastKnownFileType = sourcecode.c.h; path = "Race to the Top-Prefix.pch"; sourceTree = "<group>"; };
		C71D6D5519AE7EB400E6ABD8 /* RTAppDelegate.h */ = {isa = PBXFileReference; lastKnownFileType = sourcecode.c.h; path = RTAppDelegate.h; sourceTree = "<group>"; };
		C71D6D5619AE7EB400E6ABD8 /* RTAppDelegate.m */ = {isa = PBXFileReference; lastKnownFileType = sourcecode.c.objc; path = RTAppDelegate.m; sourceTree = "<group>"; };
		C71D6D5919AE7EB400E6ABD8 /* Base */ = {isa = PBXFileReference; lastKnownFileType = file.storyboard; name = Base; path = Base.lproj/Main.storyboard; sourceTree = "<group>"; };
		C71D6D5B19AE7EB400E6ABD8 /* RTViewController.h */ = {isa = PBXFileReference; lastKnownFileType = sourcecode.c.h; path = RTViewController.h; sourceTree = "<group>"; };
		C71D6D5C19AE7EB400E6ABD8 /* RTViewController.m */ = {isa = PBXFileReference; lastKnownFileType = sourcecode.c.objc; path = RTViewController.m; sourceTree = "<group>"; };
		C71D6D5E19AE7EB400E6ABD8 /* Images.xcassets */ = {isa = PBXFileReference; lastKnownFileType = folder.assetcatalog; path = Images.xcassets; sourceTree = "<group>"; };
		C71D6D6419AE7EB400E6ABD8 /* Race to the TopTests.xctest */ = {isa = PBXFileReference; explicitFileType = wrapper.cfbundle; includeInIndex = 0; path = "Race to the TopTests.xctest"; sourceTree = BUILT_PRODUCTS_DIR; };
		C71D6D6519AE7EB400E6ABD8 /* XCTest.framework */ = {isa = PBXFileReference; lastKnownFileType = wrapper.framework; name = XCTest.framework; path = Library/Frameworks/XCTest.framework; sourceTree = DEVELOPER_DIR; };
		C71D6D6D19AE7EB400E6ABD8 /* Race to the TopTests-Info.plist */ = {isa = PBXFileReference; lastKnownFileType = text.plist.xml; path = "Race to the TopTests-Info.plist"; sourceTree = "<group>"; };
		C71D6D6F19AE7EB400E6ABD8 /* en */ = {isa = PBXFileReference; lastKnownFileType = text.plist.strings; name = en; path = en.lproj/InfoPlist.strings; sourceTree = "<group>"; };
		C71D6D7119AE7EB400E6ABD8 /* Race_to_the_TopTests.m */ = {isa = PBXFileReference; lastKnownFileType = sourcecode.c.objc; path = Race_to_the_TopTests.m; sourceTree = "<group>"; };
/* End PBXFileReference section */

/* Begin PBXFrameworksBuildPhase section */
		C71D6D4019AE7EB400E6ABD8 /* Frameworks */ = {
			isa = PBXFrameworksBuildPhase;
			buildActionMask = 2147483647;
			files = (
				C71D6D4919AE7EB400E6ABD8 /* CoreGraphics.framework in Frameworks */,
				C71D6D4B19AE7EB400E6ABD8 /* UIKit.framework in Frameworks */,
				C71D6D4719AE7EB400E6ABD8 /* Foundation.framework in Frameworks */,
			);
			runOnlyForDeploymentPostprocessing = 0;
		};
		C71D6D6119AE7EB400E6ABD8 /* Frameworks */ = {
			isa = PBXFrameworksBuildPhase;
			buildActionMask = 2147483647;
			files = (
				C71D6D6619AE7EB400E6ABD8 /* XCTest.framework in Frameworks */,
				C71D6D6819AE7EB400E6ABD8 /* UIKit.framework in Frameworks */,
				C71D6D6719AE7EB400E6ABD8 /* Foundation.framework in Frameworks */,
			);
			runOnlyForDeploymentPostprocessing = 0;
		};
/* End PBXFrameworksBuildPhase section */

/* Begin PBXGroup section */
		C71D6D3A19AE7EB400E6ABD8 = {
			isa = PBXGroup;
			children = (
				C71D6D4C19AE7EB400E6ABD8 /* Race to the Top */,
				C71D6D6B19AE7EB400E6ABD8 /* Race to the TopTests */,
				C71D6D4519AE7EB400E6ABD8 /* Frameworks */,
				C71D6D4419AE7EB400E6ABD8 /* Products */,
			);
			sourceTree = "<group>";
		};
		C71D6D4419AE7EB400E6ABD8 /* Products */ = {
			isa = PBXGroup;
			children = (
				C71D6D4319AE7EB400E6ABD8 /* Race to the Top.app */,
				C71D6D6419AE7EB400E6ABD8 /* Race to the TopTests.xctest */,
			);
			name = Products;
			sourceTree = "<group>";
		};
		C71D6D4519AE7EB400E6ABD8 /* Frameworks */ = {
			isa = PBXGroup;
			children = (
				C71D6D4619AE7EB400E6ABD8 /* Foundation.framework */,
				C71D6D4819AE7EB400E6ABD8 /* CoreGraphics.framework */,
				C71D6D4A19AE7EB400E6ABD8 /* UIKit.framework */,
				C71D6D6519AE7EB400E6ABD8 /* XCTest.framework */,
			);
			name = Frameworks;
			sourceTree = "<group>";
		};
		C71D6D4C19AE7EB400E6ABD8 /* Race to the Top */ = {
			isa = PBXGroup;
			children = (
				C71D6D5519AE7EB400E6ABD8 /* RTAppDelegate.h */,
				C71D6D5619AE7EB400E6ABD8 /* RTAppDelegate.m */,
				C71D6D5819AE7EB400E6ABD8 /* Main.storyboard */,
				C71D6D5B19AE7EB400E6ABD8 /* RTViewController.h */,
				C71D6D5C19AE7EB400E6ABD8 /* RTViewController.m */,
				C71D6D5E19AE7EB400E6ABD8 /* Images.xcassets */,
				C71D6D4D19AE7EB400E6ABD8 /* Supporting Files */,
			);
			path = "Race to the Top";
			sourceTree = "<group>";
		};
		C71D6D4D19AE7EB400E6ABD8 /* Supporting Files */ = {
			isa = PBXGroup;
			children = (
				C71D6D4E19AE7EB400E6ABD8 /* Race to the Top-Info.plist */,
				C71D6D4F19AE7EB400E6ABD8 /* InfoPlist.strings */,
				C71D6D5219AE7EB400E6ABD8 /* main.m */,
				C71D6D5419AE7EB400E6ABD8 /* Race to the Top-Prefix.pch */,
			);
			name = "Supporting Files";
			sourceTree = "<group>";
		};
		C71D6D6B19AE7EB400E6ABD8 /* Race to the TopTests */ = {
			isa = PBXGroup;
			children = (
				C71D6D7119AE7EB400E6ABD8 /* Race_to_the_TopTests.m */,
				C71D6D6C19AE7EB400E6ABD8 /* Supporting Files */,
			);
			path = "Race to the TopTests";
			sourceTree = "<group>";
		};
		C71D6D6C19AE7EB400E6ABD8 /* Supporting Files */ = {
			isa = PBXGroup;
			children = (
				C71D6D6D19AE7EB400E6ABD8 /* Race to the TopTests-Info.plist */,
				C71D6D6E19AE7EB400E6ABD8 /* InfoPlist.strings */,
			);
			name = "Supporting Files";
			sourceTree = "<group>";
		};
/* End PBXGroup section */

/* Begin PBXNativeTarget section */
		C71D6D4219AE7EB400E6ABD8 /* Race to the Top */ = {
			isa = PBXNativeTarget;
			buildConfigurationList = C71D6D7519AE7EB400E6ABD8 /* Build configuration list for PBXNativeTarget "Race to the Top" */;
			buildPhases = (
				C71D6D3F19AE7EB400E6ABD8 /* Sources */,
				C71D6D4019AE7EB400E6ABD8 /* Frameworks */,
				C71D6D4119AE7EB400E6ABD8 /* Resources */,
			);
			buildRules = (
			);
			dependencies = (
			);
			name = "Race to the Top";
			productName = "Race to the Top";
			productReference = C71D6D4319AE7EB400E6ABD8 /* Race to the Top.app */;
			productType = "com.apple.product-type.application";
		};
		C71D6D6319AE7EB400E6ABD8 /* Race to the TopTests */ = {
			isa = PBXNativeTarget;
			buildConfigurationList = C71D6D7819AE7EB400E6ABD8 /* Build configuration list for PBXNativeTarget "Race to the TopTests" */;
			buildPhases = (
				C71D6D6019AE7EB400E6ABD8 /* Sources */,
				C71D6D6119AE7EB400E6ABD8 /* Frameworks */,
				C71D6D6219AE7EB400E6ABD8 /* Resources */,
			);
			buildRules = (
			);
			dependencies = (
				C71D6D6A19AE7EB400E6ABD8 /* PBXTargetDependency */,
			);
			name = "Race to the TopTests";
			productName = "Race to the TopTests";
			productReference = C71D6D6419AE7EB400E6ABD8 /* Race to the TopTests.xctest */;
			productType = "com.apple.product-type.bundle.unit-test";
		};
/* End PBXNativeTarget section */

/* Begin PBXProject section */
		C71D6D3B19AE7EB400E6ABD8 /* Project object */ = {
			isa = PBXProject;
			attributes = {
				CLASSPREFIX = RT;
				LastUpgradeCheck = 0510;
				ORGANIZATIONNAME = "Tony Angelo";
				TargetAttributes = {
					C71D6D6319AE7EB400E6ABD8 = {
						TestTargetID = C71D6D4219AE7EB400E6ABD8;
					};
				};
			};
			buildConfigurationList = C71D6D3E19AE7EB400E6ABD8 /* Build configuration list for PBXProject "Race to the Top" */;
			compatibilityVersion = "Xcode 3.2";
			developmentRegion = English;
			hasScannedForEncodings = 0;
			knownRegions = (
				en,
				Base,
			);
			mainGroup = C71D6D3A19AE7EB400E6ABD8;
			productRefGroup = C71D6D4419AE7EB400E6ABD8 /* Products */;
			projectDirPath = "";
			projectRoot = "";
			targets = (
				C71D6D4219AE7EB400E6ABD8 /* Race to the Top */,
				C71D6D6319AE7EB400E6ABD8 /* Race to the TopTests */,
			);
		};
/* End PBXProject section */

/* Begin PBXResourcesBuildPhase section */
		C71D6D4119AE7EB400E6ABD8 /* Resources */ = {
			isa = PBXResourcesBuildPhase;
			buildActionMask = 2147483647;
			files = (
				C71D6D5F19AE7EB400E6ABD8 /* Images.xcassets in Resources */,
				C71D6D5119AE7EB400E6ABD8 /* InfoPlist.strings in Resources */,
				C71D6D5A19AE7EB400E6ABD8 /* Main.storyboard in Resources */,
			);
			runOnlyForDeploymentPostprocessing = 0;
		};
		C71D6D6219AE7EB400E6ABD8 /* Resources */ = {
			isa = PBXResourcesBuildPhase;
			buildActionMask = 2147483647;
			files = (
				C71D6D7019AE7EB400E6ABD8 /* InfoPlist.strings in Resources */,
			);
			runOnlyForDeploymentPostprocessing = 0;
		};
/* End PBXResourcesBuildPhase section */

/* Begin PBXSourcesBuildPhase section */
		C71D6D3F19AE7EB400E6ABD8 /* Sources */ = {
			isa = PBXSourcesBuildPhase;
			buildActionMask = 2147483647;
			files = (
				C71D6D5719AE7EB400E6ABD8 /* RTAppDelegate.m in Sources */,
				C71D6D5D19AE7EB400E6ABD8 /* RTViewController.m in Sources */,
				C71D6D5319AE7EB400E6ABD8 /* main.m in Sources */,
			);
			runOnlyForDeploymentPostprocessing = 0;
		};
		C71D6D6019AE7EB400E6ABD8 /* Sources */ = {
			isa = PBXSourcesBuildPhase;
			buildActionMask = 2147483647;
			files = (
				C71D6D7219AE7EB400E6ABD8 /* Race_to_the_TopTests.m in Sources */,
			);
			runOnlyForDeploymentPostprocessing = 0;
		};
/* End PBXSourcesBuildPhase section */

/* Begin PBXTargetDependency section */
		C71D6D6A19AE7EB400E6ABD8 /* PBXTargetDependency */ = {
			isa = PBXTargetDependency;
			target = C71D6D4219AE7EB400E6ABD8 /* Race to the Top */;
			targetProxy = C71D6D6919AE7EB400E6ABD8 /* PBXContainerItemProxy */;
		};
/* End PBXTargetDependency section */

/* Begin PBXVariantGroup section */
		C71D6D4F19AE7EB400E6ABD8 /* InfoPlist.strings */ = {
			isa = PBXVariantGroup;
			children = (
				C71D6D5019AE7EB400E6ABD8 /* en */,
			);
			name = InfoPlist.strings;
			sourceTree = "<group>";
		};
		C71D6D5819AE7EB400E6ABD8 /* Main.storyboard */ = {
			isa = PBXVariantGroup;
			children = (
				C71D6D5919AE7EB400E6ABD8 /* Base */,
			);
			name = Main.storyboard;
			sourceTree = "<group>";
		};
		C71D6D6E19AE7EB400E6ABD8 /* InfoPlist.strings */ = {
			isa = PBXVariantGroup;
			children = (
				C71D6D6F19AE7EB400E6ABD8 /* en */,
			);
			name = InfoPlist.strings;
			sourceTree = "<group>";
		};
/* End PBXVariantGroup section */

/* Begin XCBuildConfiguration section */
		C71D6D7319AE7EB400E6ABD8 /* Debug */ = {
			isa = XCBuildConfiguration;
			buildSettings = {
				ALWAYS_SEARCH_USER_PATHS = NO;
				CLANG_CXX_LANGUAGE_STANDARD = "gnu++0x";
				CLANG_CXX_LIBRARY = "libc++";
				CLANG_ENABLE_MODULES = YES;
				CLANG_ENABLE_OBJC_ARC = YES;
				CLANG_WARN_BOOL_CONVERSION = YES;
				CLANG_WARN_CONSTANT_CONVERSION = YES;
				CLANG_WARN_DIRECT_OBJC_ISA_USAGE = YES_ERROR;
				CLANG_WARN_EMPTY_BODY = YES;
				CLANG_WARN_ENUM_CONVERSION = YES;
				CLANG_WARN_INT_CONVERSION = YES;
				CLANG_WARN_OBJC_ROOT_CLASS = YES_ERROR;
				CLANG_WARN__DUPLICATE_METHOD_MATCH = YES;
				"CODE_SIGN_IDENTITY[sdk=iphoneos*]" = "iPhone Developer";
				COPY_PHASE_STRIP = NO;
				GCC_C_LANGUAGE_STANDARD = gnu99;
				GCC_DYNAMIC_NO_PIC = NO;
				GCC_OPTIMIZATION_LEVEL = 0;
				GCC_PREPROCESSOR_DEFINITIONS = (
					"DEBUG=1",
					"$(inherited)",
				);
				GCC_SYMBOLS_PRIVATE_EXTERN = NO;
				GCC_WARN_64_TO_32_BIT_CONVERSION = YES;
				GCC_WARN_ABOUT_RETURN_TYPE = YES_ERROR;
				GCC_WARN_UNDECLARED_SELECTOR = YES;
				GCC_WARN_UNINITIALIZED_AUTOS = YES_AGGRESSIVE;
				GCC_WARN_UNUSED_FUNCTION = YES;
				GCC_WARN_UNUSED_VARIABLE = YES;
				IPHONEOS_DEPLOYMENT_TARGET = 7.1;
				ONLY_ACTIVE_ARCH = YES;
				SDKROOT = iphoneos;
			};
			name = Debug;
		};
		C71D6D7419AE7EB400E6ABD8 /* Release */ = {
			isa = XCBuildConfiguration;
			buildSettings = {
				ALWAYS_SEARCH_USER_PATHS = NO;
				CLANG_CXX_LANGUAGE_STANDARD = "gnu++0x";
				CLANG_CXX_LIBRARY = "libc++";
				CLANG_ENABLE_MODULES = YES;
				CLANG_ENABLE_OBJC_ARC = YES;
				CLANG_WARN_BOOL_CONVERSION = YES;
				CLANG_WARN_CONSTANT_CONVERSION = YES;
				CLANG_WARN_DIRECT_OBJC_ISA_USAGE = YES_ERROR;
				CLANG_WARN_EMPTY_BODY = YES;
				CLANG_WARN_ENUM_CONVERSION = YES;
				CLANG_WARN_INT_CONVERSION = YES;
				CLANG_WARN_OBJC_ROOT_CLASS = YES_ERROR;
				CLANG_WARN__DUPLICATE_METHOD_MATCH = YES;
				"CODE_SIGN_IDENTITY[sdk=iphoneos*]" = "iPhone Developer";
				COPY_PHASE_STRIP = YES;
				ENABLE_NS_ASSERTIONS = NO;
				GCC_C_LANGUAGE_STANDARD = gnu99;
				GCC_WARN_64_TO_32_BIT_CONVERSION = YES;
				GCC_WARN_ABOUT_RETURN_TYPE = YES_ERROR;
				GCC_WARN_UNDECLARED_SELECTOR = YES;
				GCC_WARN_UNINITIALIZED_AUTOS = YES_AGGRESSIVE;
				GCC_WARN_UNUSED_FUNCTION = YES;
				GCC_WARN_UNUSED_VARIABLE = YES;
				IPHONEOS_DEPLOYMENT_TARGET = 7.1;
				SDKROOT = iphoneos;
				VALIDATE_PRODUCT = YES;
			};
			name = Release;
		};
		C71D6D7619AE7EB400E6ABD8 /* Debug */ = {
			isa = XCBuildConfiguration;
			buildSettings = {
				ASSETCATALOG_COMPILER_APPICON_NAME = AppIcon;
				ASSETCATALOG_COMPILER_LAUNCHIMAGE_NAME = LaunchImage;
				GCC_PRECOMPILE_PREFIX_HEADER = YES;
				GCC_PREFIX_HEADER = "Race to the Top/Race to the Top-Prefix.pch";
				INFOPLIST_FILE = "Race to the Top/Race to the Top-Info.plist";
				PRODUCT_NAME = "$(TARGET_NAME)";
				WRAPPER_EXTENSION = app;
			};
			name = Debug;
		};
		C71D6D7719AE7EB400E6ABD8 /* Release */ = {
			isa = XCBuildConfiguration;
			buildSettings = {
				ASSETCATALOG_COMPILER_APPICON_NAME = AppIcon;
				ASSETCATALOG_COMPILER_LAUNCHIMAGE_NAME = LaunchImage;
				GCC_PRECOMPILE_PREFIX_HEADER = YES;
				GCC_PREFIX_HEADER = "Race to the Top/Race to the Top-Prefix.pch";
				INFOPLIST_FILE = "Race to the Top/Race to the Top-Info.plist";
				PRODUCT_NAME = "$(TARGET_NAME)";
				WRAPPER_EXTENSION = app;
			};
			name = Release;
		};
		C71D6D7919AE7EB400E6ABD8 /* Debug */ = {
			isa = XCBuildConfiguration;
			buildSettings = {
				BUNDLE_LOADER = "$(BUILT_PRODUCTS_DIR)/Race to the Top.app/Race to the Top";
				FRAMEWORK_SEARCH_PATHS = (
					"$(SDKROOT)/Developer/Library/Frameworks",
					"$(inherited)",
					"$(DEVELOPER_FRAMEWORKS_DIR)",
				);
				GCC_PRECOMPILE_PREFIX_HEADER = YES;
				GCC_PREFIX_HEADER = "Race to the Top/Race to the Top-Prefix.pch";
				GCC_PREPROCESSOR_DEFINITIONS = (
					"DEBUG=1",
					"$(inherited)",
				);
				INFOPLIST_FILE = "Race to the TopTests/Race to the TopTests-Info.plist";
				PRODUCT_NAME = "$(TARGET_NAME)";
				TEST_HOST = "$(BUNDLE_LOADER)";
				WRAPPER_EXTENSION = xctest;
			};
			name = Debug;
		};
		C71D6D7A19AE7EB400E6ABD8 /* Release */ = {
			isa = XCBuildConfiguration;
			buildSettings = {
				BUNDLE_LOADER = "$(BUILT_PRODUCTS_DIR)/Race to the Top.app/Race to the Top";
				FRAMEWORK_SEARCH_PATHS = (
					"$(SDKROOT)/Developer/Library/Frameworks",
					"$(inherited)",
					"$(DEVELOPER_FRAMEWORKS_DIR)",
				);
				GCC_PRECOMPILE_PREFIX_HEADER = YES;
				GCC_PREFIX_HEADER = "Race to the Top/Race to the Top-Prefix.pch";
				INFOPLIST_FILE = "Race to the TopTests/Race to the TopTests-Info.plist";
				PRODUCT_NAME = "$(TARGET_NAME)";
				TEST_HOST = "$(BUNDLE_LOADER)";
				WRAPPER_EXTENSION = xctest;
			};
			name = Release;
		};
/* End XCBuildConfiguration section */

/* Begin XCConfigurationList section */
		C71D6D3E19AE7EB400E6ABD8 /* Build configuration list for PBXProject "Race to the Top" */ = {
			isa = XCConfigurationList;
			buildConfigurations = (
				C71D6D7319AE7EB400E6ABD8 /* Debug */,
				C71D6D7419AE7EB400E6ABD8 /* Release */,
			);
			defaultConfigurationIsVisible = 0;
			defaultConfigurationName = Release;
		};
		C71D6D7519AE7EB400E6ABD8 /* Build configuration list for PBXNativeTarget "Race to the Top" */ = {
			isa = XCConfigurationList;
			buildConfigurations = (
				C71D6D7619AE7EB400E6ABD8 /* Debug */,
				C71D6D7719AE7EB400E6ABD8 /* Release */,
			);
			defaultConfigurationIsVisible = 0;
		};
		C71D6D7819AE7EB400E6ABD8 /* Build configuration list for PBXNativeTarget "Race to the TopTests" */ = {
			isa = XCConfigurationList;
			buildConfigurations = (
				C71D6D7919AE7EB400E6ABD8 /* Debug */,
				C71D6D7A19AE7EB400E6ABD8 /* Release */,
			);
			defaultConfigurationIsVisible = 0;
		};
/* End XCConfigurationList section */
	};
	rootObject = C71D6D3B19AE7EB400E6ABD8 /* Project object */;
}
